
Microsoft Visual Studio Solution File, Format Version 12.00
Project("{FAE04EC0-301F-11D3-BF4B-00C04F79EFBC}") = "Vfd.Api", "Vfd.Api\Vfd.Api.csproj", "{CE6DEEFB-F6FD-4FD2-B146-2D1BA789FFFF}"
EndProject
Global
	GlobalSection(SolutionConfigurationPlatforms) = preSolution
		Debug|Any CPU = Debug|Any CPU
		Release|Any CPU = Release|Any CPU
	EndGlobalSection
	GlobalSection(ProjectConfigurationPlatforms) = postSolution
		{CE6DEEFB-F6FD-4FD2-B146-2D1BA789FFFF}.Debug|Any CPU.ActiveCfg = Debug|Any CPU
		{CE6DEEFB-F6FD-4FD2-B146-2D1BA789FFFF}.Debug|Any CPU.Build.0 = Debug|Any CPU
		{CE6DEEFB-F6FD-4FD2-B146-2D1BA789FFFF}.Release|Any CPU.ActiveCfg = Release|Any CPU
		{CE6DEEFB-F6FD-4FD2-B146-2D1BA789FFFF}.Release|Any CPU.Build.0 = Release|Any CPU
	EndGlobalSection
EndGlobal
